
Microsoft Visual Studio Solution File, Format Version 12.00
# Visual Studio Version 17
VisualStudioVersion = 17.4.33213.308
MinimumVisualStudioVersion = 10.0.40219.1
Project("{FAE04EC0-301F-11D3-BF4B-00C04F79EFBC}") = "Pokemon", "Pokemon\Pokemon.csproj", "{CF11AB0D-463F-4D26-BCFC-4284056E4E09}"
EndProject
Global
	GlobalSection(SolutionConfigurationPlatforms) = preSolution
		Debug|Any CPU = Debug|Any CPU
		Release|Any CPU = Release|Any CPU
	EndGlobalSection
	GlobalSection(ProjectConfigurationPlatforms) = postSolution
		{CF11AB0D-463F-4D26-BCFC-4284056E4E09}.Debug|Any CPU.ActiveCfg = Debug|Any CPU
		{CF11AB0D-463F-4D26-BCFC-4284056E4E09}.Debug|Any CPU.Build.0 = Debug|Any CPU
		{CF11AB0D-463F-4D26-BCFC-4284056E4E09}.Release|Any CPU.ActiveCfg = Release|Any CPU
		{CF11AB0D-463F-4D26-BCFC-4284056E4E09}.Release|Any CPU.Build.0 = Release|Any CPU
	EndGlobalSection
	GlobalSection(SolutionProperties) = preSolution
		HideSolutionNode = FALSE
	EndGlobalSection
	GlobalSection(ExtensibilityGlobals) = postSolution
		SolutionGuid = {488E54FF-A3F5-4EDD-850D-7505E912DC0D}
	EndGlobalSection
EndGlobal
